lockfileVersion: '9.0'

settings:
  autoInstallPeers: true
  excludeLinksFromLockfile: false

importers:

  .:
    devDependencies:
      '@tauri-apps/cli':
        specifier: ^2.12.0
        version: 2.12.0
      selenium-webdriver:
        specifier: ^4.50.0
        version: 4.50.0

packages:

  '@bazel/runfiles@6.5.0':
    resolution: {integrity: sha512-RzahvqTkfpY2jsDxo8YItPX+/iZ6hbiikw1YhE0bA9EKBR5Og8Pa6FHn9PO9M0zaXRVsr0GFQLKbB/0rzy9SzA==}

  '@tauri-apps/cli-darwin-arm64@2.12.0':
    resolution: {integrity: sha512-v5J+jISihLGtih1+3yWagbsL+5dbLZORu4vaSI0vhY0Heb+MAW+T/1s1RyKxrQrwEPGBG5kqwfDDTnSbmVkuqA==}
    engines: {node: '>= 10'}
    cpu: [arm64]
    os: [darwin]

  '@tauri-apps/cli-darwin-x64@2.12.0':
    resolution: {integrity: sha512-g27I07pfW/dMS8vcNqB9lamgKF0TqLlcy8e7t9qDGsB1iaeyjJWb2TgBF4tM9ZwLqPAZUXbsz28oXljO12WC4g==}
    engines: {node: '>= 10'}
    cpu: [x64]
    os: [darwin]

  '@tauri-apps/cli-linux-arm-gnueabihf@2.12.0':
    resolution: {integrity: sha512-gXyQ710fNc99YuxFxNyeX9PLSrIpbtgBBj7GQo9tSeRT6fIK40q3/gm7X5jqZo7mWLR2m0R/2ALd3vAWo0Z32Q==}
    engines: {node: '>= 10'}
    cpu: [arm]
    os: [linux]

  '@tauri-apps/cli-linux-arm64-gnu@2.12.0':
    resolution: {integrity: sha512-H9cyXuq9WgxoHh2NZ+R+oN+W78x5UwaBDEp0/fmqUUkaBoioCuOZErM9xKiIV6bpNAhmw1RoWZ49u37q/vaiAg==}
    engines: {node: '>= 10'}
    cpu: [arm64]
    os: [linux]

  '@tauri-apps/cli-linux-arm64-musl@2.12.0':
    resolution: {integrity: sha512-5tFuk3JKMBa1M/iN4gN32OYlSfhY3aqb5PO3zCugxaT+sfecyMKpc3EM9VDbhmwWBE9QD4Tfj7wGhlqx2yy2pQ==}
    engines: {node: '>= 10'}
    cpu: [arm64]
    os: [linux]

  '@tauri-apps/cli-linux-riscv64-gnu@2.12.0':
    resolution: {integrity: sha512-LOrMyV+nb7pKq8P0BZtTBQuyzm1ORjn16R9MlupmxuT5LqxtuYJlw3VMwbaeXCToJ8jbP5u9JnkfmbqDlvETXw==}
    engines: {node: '>= 10'}
    cpu: [riscv64]
    os: [linux]

  '@tauri-apps/cli-linux-x64-gnu@2.12.0':
    resolution: {integrity: sha512-aMIkI+X9qvD2+k80QZB3tuOYT41/cEheikC510CwAIZ31KLXORsRASYYzM4mi1/58ICmtzSLFhCC08keir7COw==}
    engines: {node: '>= 10'}
    cpu: [x64]
    os: [linux]

  '@tauri-apps/cli-linux-x64-musl@2.12.0':
    resolution: {integrity: sha512-9gl3NhUbfuGhSKjeGCypKSdtoezOQRcDUrkhTWtLQEjnajets6peO6NadgI2DF0OzbiiFOzrnnIGMwBS+Ap6Iw==}
    engines: {node: '>= 10'}
    cpu: [x64]
    os: [linux]

  '@tauri-apps/cli-win32-arm64-msvc@2.12.0':
    resolution: {integrity: sha512-1W+v86wsYLuyBDN0iDessD4CD9o+yNyO0m8Dp3+/vfjiZrJ/v7R7/aTRBeikaq2tLGgxeag0gxnFggBNBGw91A==}
    engines: {node: '>= 10'}
    cpu: [arm64]
    os: [win32]

  '@tauri-apps/cli-win32-ia32-msvc@2.12.0':
    resolution: {integrity: sha512-SsBjvq4f7YaBGqcWoE3cycoItPf0SrQeqFqWWgfxoeZWAIz01E31LDSeZ2p/etJiIY0R9oi045chkFfb0O7WGw==}
    engines: {node: '>= 10'}
    cpu: [ia32]
    os: [win32]

  '@tauri-apps/cli-win32-x64-msvc@2.12.0':
    resolution: {integrity: sha512-9zzDKYUH4TKKBgRdDdVQX8fiRO5gJ8hD1nGsHU9DOHG5Jpm3arjbu9Xg1frR20EusG3Sl8X0dppoO/4EoUXUGg==}
    engines: {node: '>= 10'}
    cpu: [x64]
    os: [win32]

  '@tauri-apps/cli@2.12.0':
    resolution: {integrity: sha512-GIShnAR4C16kSTA8NO02fo8fOw/I5z5sAUEB5S2HlPHFnBkbihL4c9a/MpkxOm1+q5S+tFd3X4QUjHWxfyGzpQ==}
    engines: {node: '>= 10'}
    hasBin: true

  core-util-is@1.0.3:
    resolution: {integrity: sha512-ZQBvi1DcpJ4GDqanjucZ2Hj3wEO5pZDS89BWbkcrvdxksJorwUDDZamX9ldFkp9aw2lmBDLgkObEA4DWNJ9FYQ==}

  immediate@3.0.6:
    resolution: {integrity: sha512-XXOFtyqDjNDAQxVfYxuF7g9Il/IbWmmlQg2MYKOH8ExIT1qg6xc4zyS3HaEEATgs1btfzxq15ciUiY7gjSXRGQ==}

  inherits@2.0.4:
    resolution: {integrity: sha512-k/vGaX4/Yla3WzyMCvTQOXYeIHvqOKtnqBduzTHpzpQZzAskKMhZ2K+EnBiSM9zGSoIFeMpXKxa4dYeZIQqewQ==}

  isarray@1.0.0:
    resolution: {integrity: sha512-VLghIWNM6ELQzo7zwmcg0NmTVyWKYjvIeM83yjp0wRDTmUnrM678fQbcKBo6n2CJEF0szoG//ytg+TKla89ALQ==}

  jszip@3.10.2:
    resolution: {integrity: sha512-3l+rb15IOWtUhU0H5MFqES/T6Kh7abYwjosBey/vD6hDt8zoEffkSC5Ws5SGtgVw3gBx2NEbhTeSW1+kWkpyTQ==}

  lie@3.3.0:
    resolution: {integrity: sha512-UaiMJzeWRlEujzAuw5LokY1L5ecNQYZKfmyZ9L7wDHb/p5etKaxXhohBcrw0EYby+G/NA52vRSN4N39dxHAIwQ==}

  pako@1.0.11:
    resolution: {integrity: sha512-4hLB8Py4zZce5s4yd9XzopqwVv/yGNhV1Bl8NTmCq1763HeK2+EwVTv+leGeL13Dnh2wfbqowVPXCIO0z4taYw==}

  process-nextick-args@2.0.1:
    resolution: {integrity: sha512-3ouUOpQhtgrbOa17J7+uxOTpITYWaGP7/AhoR3+A+/1e9skrzelGi/dXzEYyvbxubEF6Wn2ypscTKiKJFFn1ag==}

  readable-stream@2.3.8:
    resolution: {integrity: sha512-8p0AUk4XODgIewSi0l8Epjs+EVnWiK7NoDIEGU0HhE7+ZyY8D1IMY7odu5lRrFXGg71L15KG8QrPmum45RTtdA==}

  safe-buffer@5.1.2:
    resolution: {integrity: sha512-Gd2UZBJDkXlY7GbJxfsE8/nvKkUEU1G38c1siN6QP6a9PT9MmHB8GnpscSmMJSoF8LOIrt8ud/wPtojys4G6+g==}

  selenium-webdriver@4.50.0:
    resolution: {integrity: sha512-E8DhBVMpnsNwShcxSWG8oCVJLQoPZiEciqz/inH7YkKvnR/kBiSNjaJux+7iuA4x6/77N8T68vWMTJgW169kOg==}
    engines: {node: '>= 22.0.0'}

  setimmediate@1.0.5:
    resolution: {integrity: sha512-MATJdZp8sLqDl/68LfQmbP8zKPLQNV6BIZoIgrscFDQ+RsvK/BxeDQOgyxKKoh0y/8h3BqVFnCqQ/gd+reiIXA==}

  string_decoder@1.1.1:
    resolution: {integrity: sha512-n/ShnvDi6FHbbVfviro+WojiFzv+s8MPMHBczVePfUpDJLwoLT0ht1l4YwBCbi8pJAveEEdnkHyPyTP/mzRfwg==}

  tmp@0.2.7:
    resolution: {integrity: sha512-e0votIpp4Uo2AJYSzVHV6xCcawuiez3DzqDAbrTc3YxBkplN6e+dM13ZeIcZnDg/QpSuU2zfZ3rzwY8ukEnaXw==}
    engines: {node: '>=14.14'}

  util-deprecate@1.0.2:
    resolution: {integrity: sha512-EPD5q1uXyFxJpCrLnCc1nHnq3gOa6DZBocAIiI2TaSCA7VCJ1UJDMagCzIkXNsUYfD1daK//LTEQ8xiIbrHtcw==}

  ws@8.22.0:
    resolution: {integrity: sha512-Ydggc987+RO0AnWtZ/7Wq9FtNvcrL1b/RO0ud9mWjUPgDrsAAwQSF51sm2hm1XofbU/4jkpGEsLFsZZxU+1DOg==}
    engines: {node: '>=10.0.0'}
    peerDependencies:
      bufferutil: ^4.0.1
      utf-8-validate: '>=5.0.2'
    peerDependenciesMeta:
      bufferutil:
        optional: true
      utf-8-validate:
        optional: true

snapshots:

  '@bazel/runfiles@6.5.0': {}

  '@tauri-apps/cli-darwin-arm64@2.12.0':
    optional: true

  '@tauri-apps/cli-darwin-x64@2.12.0':
    optional: true

  '@tauri-apps/cli-linux-arm-gnueabihf@2.12.0':
    optional: true

  '@tauri-apps/cli-linux-arm64-gnu@2.12.0':
    optional: true

  '@tauri-apps/cli-linux-arm64-musl@2.12.0':
    optional: true

  '@tauri-apps/cli-linux-riscv64-gnu@2.12.0':
    optional: true

  '@tauri-apps/cli-linux-x64-gnu@2.12.0':
    optional: true

  '@tauri-apps/cli-linux-x64-musl@2.12.0':
    optional: true

  '@tauri-apps/cli-win32-arm64-msvc@2.12.0':
    optional: true

  '@tauri-apps/cli-win32-ia32-msvc@2.12.0':
    optional: true

  '@tauri-apps/cli-win32-x64-msvc@2.12.0':
    optional: true

  '@tauri-apps/cli@2.12.0':
    optionalDependencies:
      '@tauri-apps/cli-darwin-arm64': 2.12.0
      '@tauri-apps/cli-darwin-x64': 2.12.0
      '@tauri-apps/cli-linux-arm-gnueabihf': 2.12.0
      '@tauri-apps/cli-linux-arm64-gnu': 2.12.0
      '@tauri-apps/cli-linux-arm64-musl': 2.12.0
      '@tauri-apps/cli-linux-riscv64-gnu': 2.12.0
      '@tauri-apps/cli-linux-x64-gnu': 2.12.0
      '@tauri-apps/cli-linux-x64-musl': 2.12.0
      '@tauri-apps/cli-win32-arm64-msvc': 2.12.0
      '@tauri-apps/cli-win32-ia32-msvc': 2.12.0
      '@tauri-apps/cli-win32-x64-msvc': 2.12.0

  core-util-is@1.0.3: {}

  immediate@3.0.6: {}

  inherits@2.0.4: {}

  isarray@1.0.0: {}

  jszip@3.10.2:
    dependencies:
      lie: 3.3.0
      pako: 1.0.11
      readable-stream: 2.3.8
      setimmediate: 1.0.5

  lie@3.3.0:
    dependencies:
      immediate: 3.0.6

  pako@1.0.11: {}

  process-nextick-args@2.0.1: {}

  readable-stream@2.3.8:
    dependencies:
      core-util-is: 1.0.3
      inherits: 2.0.4
      isarray: 1.0.0
      process-nextick-args: 2.0.1
      safe-buffer: 5.1.2
      string_decoder: 1.1.1
      util-deprecate: 1.0.2

  safe-buffer@5.1.2: {}

  selenium-webdriver@4.50.0:
    dependencies:
      '@bazel/runfiles': 6.5.0
      jszip: 3.10.2
      tmp: 0.2.7
      ws: 8.22.0
    transitivePeerDependencies:
      - bufferutil
      - utf-8-validate

  setimmediate@1.0.5: {}

  string_decoder@1.1.1:
    dependencies:
      safe-buffer: 5.1.2

  tmp@0.2.7: {}

  util-deprecate@1.0.2: {}

  ws@8.22.0: {}
